// !$*UTF8*$!
{
	archiveVersion = 1;
	classes = {
	};
	objectVersion = 56;
	objects = {

/* Begin PBXBuildFile section */
		BD2DA0DB2A4626BA00A327F5 /* Questions_App_pt__2App.swift in Sources */ = {isa = PBXBuildFile; fileRef = BD2DA0DA2A4626BA00A327F5 /* Questions_App_pt__2App.swift */; };
		BD2DA0DD2A4626BA00A327F5 /* ContentView.swift in Sources */ = {isa = PBXBuildFile; fileRef = BD2DA0DC2A4626BA00A327F5 /* ContentView.swift */; };
		BD2DA0DF2A4626BC00A327F5 /* Assets.xcassets in Resources */ = {isa = PBXBuildFile; fileRef = BD2DA0DE2A4626BC00A327F5 /* Assets.xcassets */; };
		BD2DA0E22A4626BC00A327F5 /* Preview Assets.xcassets in Resources */ = {isa = PBXBuildFile; fileRef = BD2DA0E12A4626BC00A327F5 /* Preview Assets.xcassets */; };
		BD2DA0EB2A462FD500A327F5 /* situation1.swift in Sources */ = {isa = PBXBuildFile; fileRef = BD2DA0EA2A462FD500A327F5 /* situation1.swift */; };
		BD47D2302A4DD1B600BE5564 /* situation2.swift in Sources */ = {isa = PBXBuildFile; fileRef = BD47D22F2A4DD1B600BE5564 /* situation2.swift */; };
		BD57047B2A4DD7C20086E477 /* situation3.swift in Sources */ = {isa = PBXBuildFile; fileRef = BD57047A2A4DD7C20086E477 /* situation3.swift */; };
/* End PBXBuildFile section */

/* Begin PBXFileReference section */
		BD2DA0D72A4626BA00A327F5 /* Questions App pt. 2.app */ = {isa = PBXFileReference; explicitFileType = wrapper.application; includeInIndex = 0; path = "Questions App pt. 2.app"; sourceTree = BUILT_PRODUCTS_DIR; };
		BD2DA0DA2A4626BA00A327F5 /* Questions_App_pt__2App.swift */ = {isa = PBXFileReference; lastKnownFileType = sourcecode.swift; path = Questions_App_pt__2App.swift; sourceTree = "<group>"; };
		BD2DA0DC2A4626BA00A327F5 /* ContentView.swift */ = {isa = PBXFileReference; lastKnownFileType = sourcecode.swift; path = ContentView.swift; sourceTree = "<group>"; };
		BD2DA0DE2A4626BC00A327F5 /* Assets.xcassets */ = {isa = PBXFileReference; lastKnownFileType = folder.assetcatalog; path = Assets.xcassets; sourceTree = "<group>"; };
		BD2DA0E12A4626BC00A327F5 /* Preview Assets.xcassets */ = {isa = PBXFileReference; lastKnownFileType = folder.assetcatalog; path = "Preview Assets.xcassets"; sourceTree = "<group>"; };
		BD2DA0EA2A462FD500A327F5 /* situation1.swift */ = {isa = PBXFileReference; lastKnownFileType = sourcecode.swift; path = situation1.swift; sourceTree = "<group>"; };
		BD47D22F2A4DD1B600BE5564 /* situation2.swift */ = {isa = PBXFileReference; lastKnownFileType = sourcecode.swift; path = situation2.swift; sourceTree = "<group>"; };
		BD57047A2A4DD7C20086E477 /* situation3.swift */ = {isa = PBXFileReference; lastKnownFileType = sourcecode.swift; path = situation3.swift; sourceTree = "<group>"; };
/* End PBXFileReference section */

/* Begin PBXFrameworksBuildPhase section */
		BD2DA0D42A4626BA00A327F5 /* Frameworks */ = {
			isa = PBXFrameworksBuildPhase;
			buildActionMask = 2147483647;
			files = (
			);
			runOnlyForDeploymentPostprocessing = 0;
		};
/* End PBXFrameworksBuildPhase section */

/* Begin PBXGroup section */
		BD2DA0CE2A4626BA00A327F5 = {
			isa = PBXGroup;
			children = (
				BD47D22F2A4DD1B600BE5564 /* situation2.swift */,
				BD57047A2A4DD7C20086E477 /* situation3.swift */,
				BD2DA0D92A4626BA00A327F5 /* Questions App pt. 2 */,
				BD2DA0D82A4626BA00A327F5 /* Products */,
			);
			sourceTree = "<group>";
		};
		BD2DA0D82A4626BA00A327F5 /* Products */ = {
			isa = PBXGroup;
			children = (
				BD2DA0D72A4626BA00A327F5 /* Questions App pt. 2.app */,
			);
			name = Products;
			sourceTree = "<group>";
		};
		BD2DA0D92A4626BA00A327F5 /* Questions App pt. 2 */ = {
			isa = PBXGroup;
			children = (
				BD2DA0DA2A4626BA00A327F5 /* Questions_App_pt__2App.swift */,
				BD2DA0DC2A4626BA00A327F5 /* ContentView.swift */,
				BD2DA0EA2A462FD500A327F5 /* situation1.swift */,
				BD2DA0DE2A4626BC00A327F5 /* Assets.xcassets */,
				BD2DA0E02A4626BC00A327F5 /* Preview Content */,
			);
			path = "Questions App pt. 2";
			sourceTree = "<group>";
		};
		BD2DA0E02A4626BC00A327F5 /* Preview Content */ = {
			isa = PBXGroup;
			children = (
				BD2DA0E12A4626BC00A327F5 /* Preview Assets.xcassets */,
			);
			path = "Preview Content";
			sourceTree = "<group>";
		};
/* End PBXGroup section */

/* Begin PBXNativeTarget section */
		BD2DA0D62A4626BA00A327F5 /* Questions App pt. 2 */ = {
			isa = PBXNativeTarget;
			buildConfigurationList = BD2DA0E52A4626BC00A327F5 /* Build configuration list for PBXNativeTarget "Questions App pt. 2" */;
			buildPhases = (
				BD2DA0D32A4626BA00A327F5 /* Sources */,
				BD2DA0D42A4626BA00A327F5 /* Frameworks */,
				BD2DA0D52A4626BA00A327F5 /* Resources */,
			);
			buildRules = (
			);
			dependencies = (
			);
			name = "Questions App pt. 2";
			productName = "Questions App pt. 2";
			productReference = BD2DA0D72A4626BA00A327F5 /* Questions App pt. 2.app */;
			productType = "com.apple.product-type.application";
		};
/* End PBXNativeTarget section */

/* Begin PBXProject section */
		BD2DA0CF2A4626BA00A327F5 /* Project object */ = {
			isa = PBXProject;
			attributes = {
				BuildIndependentTargetsInParallel = 1;
				LastSwiftUpdateCheck = 1430;
				LastUpgradeCheck = 1430;
				TargetAttributes = {
					BD2DA0D62A4626BA00A327F5 = {
						CreatedOnToolsVersion = 14.3.1;
					};
				};
			};
			buildConfigurationList = BD2DA0D22A4626BA00A327F5 /* Build configuration list for PBXProject "Questions App pt. 2" */;
			compatibilityVersion = "Xcode 14.0";
			developmentRegion = en;
			hasScannedForEncodings = 0;
			knownRegions = (
				en,
				Base,
			);
			mainGroup = BD2DA0CE2A4626BA00A327F5;
			productRefGroup = BD2DA0D82A4626BA00A327F5 /* Products */;
			projectDirPath = "";
			projectRoot = "";
			targets = (
				BD2DA0D62A4626BA00A327F5 /* Questions App pt. 2 */,
			);
		};
/* End PBXProject section */

/* Begin PBXResourcesBuildPhase section */
		BD2DA0D52A4626BA00A327F5 /* Resources */ = {
			isa = PBXResourcesBuildPhase;
			buildActionMask = 2147483647;
			files = (
				BD2DA0E22A4626BC00A327F5 /* Preview Assets.xcassets in Resources */,
				BD2DA0DF2A4626BC00A327F5 /* Assets.xcassets in Resources */,
			);
			runOnlyForDeploymentPostprocessing = 0;
		};
/* End PBXResourcesBuildPhase section */

/* Begin PBXSourcesBuildPhase section */
		BD2DA0D32A4626BA00A327F5 /* Sources */ = {
			isa = PBXSourcesBuildPhase;
			buildActionMask = 2147483647;
			files = (
				BD2DA0EB2A462FD500A327F5 /* situation1.swift in Sources */,
				BD47D2302A4DD1B600BE5564 /* situation2.swift in Sources */,
				BD2DA0DD2A4626BA00A327F5 /* ContentView.swift in Sources */,
				BD57047B2A4DD7C20086E477 /* situation3.swift in Sources */,
				BD2DA0DB2A4626BA00A327F5 /* Questions_App_pt__2App.swift in Sources */,
			);
			runOnlyForDeploymentPostprocessing = 0;
		};
/* End PBXSourcesBuildPhase section */

/* Begin XCBuildConfiguration section */
		BD2DA0E32A4626BC00A327F5 /* Debug */ = {
			isa = XCBuildConfiguration;
			buildSettings = {
				ALWAYS_SEARCH_USER_PATHS = NO;
				CLANG_ANALYZER_NONNULL = YES;
				CLANG_ANALYZER_NUMBER_OBJECT_CONVERSION = YES_AGGRESSIVE;
				CLANG_CXX_LANGUAGE_STANDARD = "gnu++20";
				CLANG_ENABLE_MODULES = YES;
				CLANG_ENABLE_OBJC_ARC = YES;
				CLANG_ENABLE_OBJC_WEAK = YES;
				CLANG_WARN_BLOCK_CAPTURE_AUTORELEASING = YES;
				CLANG_WARN_BOOL_CONVERSION = YES;
				CLANG_WARN_COMMA = YES;
				CLANG_WARN_CONSTANT_CONVERSION = YES;
				CLANG_WARN_DEPRECATED_OBJC_IMPLEMENTATIONS = YES;
				CLANG_WARN_DIRECT_OBJC_ISA_USAGE = YES_ERROR;
				CLANG_WARN_DOCUMENTATION_COMMENTS = YES;
				CLANG_WARN_EMPTY_BODY = YES;
				CLANG_WARN_ENUM_CONVERSION = YES;
				CLANG_WARN_INFINITE_RECURSION = YES;
				CLANG_WARN_INT_CONVERSION = YES;
				CLANG_WARN_NON_LITERAL_NULL_CONVERSION = YES;
				CLANG_WARN_OBJC_IMPLICIT_RETAIN_SELF = YES;
				CLANG_WARN_OBJC_LITERAL_CONVERSION = YES;
				CLANG_WARN_OBJC_ROOT_CLASS = YES_ERROR;
				CLANG_WARN_QUOTED_INCLUDE_IN_FRAMEWORK_HEADER = YES;
				CLANG_WARN_RANGE_LOOP_ANALYSIS = YES;
				CLANG_WARN_STRICT_PROTOTYPES = YES;
				CLANG_WARN_SUSPICIOUS_MOVE = YES;
				CLANG_WARN_UNGUARDED_AVAILABILITY = YES_AGGRESSIVE;
				CLANG_WARN_UNREACHABLE_CODE = YES;
				CLANG_WARN__DUPLICATE_METHOD_MATCH = YES;
				COPY_PHASE_STRIP = NO;
				DEBUG_INFORMATION_FORMAT = dwarf;
				ENABLE_STRICT_OBJC_MSGSEND = YES;
				ENABLE_TESTABILITY = YES;
				GCC_C_LANGUAGE_STANDARD = gnu11;
				GCC_DYNAMIC_NO_PIC = NO;
				GCC_NO_COMMON_BLOCKS = YES;
				GCC_OPTIMIZATION_LEVEL = 0;
				GCC_PREPROCESSOR_DEFINITIONS = (
					"DEBUG=1",
					"$(inherited)",
				);
				GCC_WARN_64_TO_32_BIT_CONVERSION = YES;
				GCC_WARN_ABOUT_RETURN_TYPE = YES_ERROR;
				GCC_WARN_UNDECLARED_SELECTOR = YES;
				GCC_WARN_UNINITIALIZED_AUTOS = YES_AGGRESSIVE;
				GCC_WARN_UNUSED_FUNCTION = YES;
				GCC_WARN_UNUSED_VARIABLE = YES;
				IPHONEOS_DEPLOYMENT_TARGET = 16.4;
				MTL_ENABLE_DEBUG_INFO = INCLUDE_SOURCE;
				MTL_FAST_MATH = YES;
				ONLY_ACTIVE_ARCH = YES;
				SDKROOT = iphoneos;
				SWIFT_ACTIVE_COMPILATION_CONDITIONS = DEBUG;
				SWIFT_OPTIMIZATION_LEVEL = "-Onone";
			};
			name = Debug;
		};
		BD2DA0E42A4626BC00A327F5 /* Release */ = {
			isa = XCBuildConfiguration;
			buildSettings = {
				ALWAYS_SEARCH_USER_PATHS = NO;
				CLANG_ANALYZER_NONNULL = YES;
				CLANG_ANALYZER_NUMBER_OBJECT_CONVERSION = YES_AGGRESSIVE;
				CLANG_CXX_LANGUAGE_STANDARD = "gnu++20";
				CLANG_ENABLE_MODULES = YES;
				CLANG_ENABLE_OBJC_ARC = YES;
				CLANG_ENABLE_OBJC_WEAK = YES;
				CLANG_WARN_BLOCK_CAPTURE_AUTORELEASING = YES;
				CLANG_WARN_BOOL_CONVERSION = YES;
				CLANG_WARN_COMMA = YES;
				CLANG_WARN_CONSTANT_CONVERSION = YES;
				CLANG_WARN_DEPRECATED_OBJC_IMPLEMENTATIONS = YES;
				CLANG_WARN_DIRECT_OBJC_ISA_USAGE = YES_ERROR;
				CLANG_WARN_DOCUMENTATION_COMMENTS = YES;
				CLANG_WARN_EMPTY_BODY = YES;
				CLANG_WARN_ENUM_CONVERSION = YES;
				CLANG_WARN_INFINITE_RECURSION = YES;
				CLANG_WARN_INT_CONVERSION = YES;
				CLANG_WARN_NON_LITERAL_NULL_CONVERSION = YES;
				CLANG_WARN_OBJC_IMPLICIT_RETAIN_SELF = YES;
				CLANG_WARN_OBJC_LITERAL_CONVERSION = YES;
				CLANG_WARN_OBJC_ROOT_CLASS = YES_ERROR;
				CLANG_WARN_QUOTED_INCLUDE_IN_FRAMEWORK_HEADER = YES;
				CLANG_WARN_RANGE_LOOP_ANALYSIS = YES;
				CLANG_WARN_STRICT_PROTOTYPES = YES;
				CLANG_WARN_SUSPICIOUS_MOVE = YES;
				CLANG_WARN_UNGUARDED_AVAILABILITY = YES_AGGRESSIVE;
				CLANG_WARN_UNREACHABLE_CODE = YES;
				CLANG_WARN__DUPLICATE_METHOD_MATCH = YES;
				COPY_PHASE_STRIP = NO;
				DEBUG_INFORMATION_FORMAT = "dwarf-with-dsym";
				ENABLE_NS_ASSERTIONS = NO;
				ENABLE_STRICT_OBJC_MSGSEND = YES;
				GCC_C_LANGUAGE_STANDARD = gnu11;
				GCC_NO_COMMON_BLOCKS = YES;
				GCC_WARN_64_TO_32_BIT_CONVERSION = YES;
				GCC_WARN_ABOUT_RETURN_TYPE = YES_ERROR;
				GCC_WARN_UNDECLARED_SELECTOR = YES;
				GCC_WARN_UNINITIALIZED_AUTOS = YES_AGGRESSIVE;
				GCC_WARN_UNUSED_FUNCTION = YES;
				GCC_WARN_UNUSED_VARIABLE = YES;
				IPHONEOS_DEPLOYMENT_TARGET = 16.4;
				MTL_ENABLE_DEBUG_INFO = NO;
				MTL_FAST_MATH = YES;
				SDKROOT = iphoneos;
				SWIFT_COMPILATION_MODE = wholemodule;
				SWIFT_OPTIMIZATION_LEVEL = "-O";
				VALIDATE_PRODUCT = YES;
			};
			name = Release;
		};
		BD2DA0E62A4626BC00A327F5 /* Debug */ = {
			isa = XCBuildConfiguration;
			buildSettings = {
				ASSETCATALOG_COMPILER_APPICON_NAME = AppIcon;
				ASSETCATALOG_COMPILER_GLOBAL_ACCENT_COLOR_NAME = AccentColor;
				CODE_SIGN_STYLE = Automatic;
				CURRENT_PROJECT_VERSION = 1;
				DEVELOPMENT_ASSET_PATHS = "\"Questions App pt. 2/Preview Content\"";
				ENABLE_PREVIEWS = YES;
				GENERATE_INFOPLIST_FILE = YES;
				INFOPLIST_KEY_UIApplicationSceneManifest_Generation = YES;
				INFOPLIST_KEY_UIApplicationSupportsIndirectInputEvents = YES;
				INFOPLIST_KEY_UILaunchScreen_Generation = YES;
				INFOPLIST_KEY_UISupportedInterfaceOrientations_iPad = "UIInterfaceOrientationPortrait UIInterfaceOrientationPortraitUpsideDown UIInterfaceOrientationLandscapeLeft UIInterfaceOrientationLandscapeRight";
				INFOPLIST_KEY_UISupportedInterfaceOrientations_iPhone = "UIInterfaceOrientationPortrait UIInterfaceOrientationLandscapeLeft UIInterfaceOrientationLandscapeRight";
				LD_RUNPATH_SEARCH_PATHS = (
					"$(inherited)",
					"@executable_path/Frameworks",
				);
				MARKETING_VERSION = 1.0;
				PRODUCT_BUNDLE_IDENTIFIER = "kwk.Questions-App-pt--2";
				PRODUCT_NAME = "$(TARGET_NAME)";
				SWIFT_EMIT_LOC_STRINGS = YES;
				SWIFT_VERSION = 5.0;
				TARGETED_DEVICE_FAMILY = "1,2";
			};
			name = Debug;
		};
		BD2DA0E72A4626BC00A327F5 /* Release */ = {
			isa = XCBuildConfiguration;
			buildSettings = {
				ASSETCATALOG_COMPILER_APPICON_NAME = AppIcon;
				ASSETCATALOG_COMPILER_GLOBAL_ACCENT_COLOR_NAME = AccentColor;
				CODE_SIGN_STYLE = Automatic;
				CURRENT_PROJECT_VERSION = 1;
				DEVELOPMENT_ASSET_PATHS = "\"Questions App pt. 2/Preview Content\"";
				ENABLE_PREVIEWS = YES;
				GENERATE_INFOPLIST_FILE = YES;
				INFOPLIST_KEY_UIApplicationSceneManifest_Generation = YES;
				INFOPLIST_KEY_UIApplicationSupportsIndirectInputEvents = YES;
				INFOPLIST_KEY_UILaunchScreen_Generation = YES;
				INFOPLIST_KEY_UISupportedInterfaceOrientations_iPad = "UIInterfaceOrientationPortrait UIInterfaceOrientationPortraitUpsideDown UIInterfaceOrientationLandscapeLeft UIInterfaceOrientationLandscapeRight";
				INFOPLIST_KEY_UISupportedInterfaceOrientations_iPhone = "UIInterfaceOrientationPortrait UIInterfaceOrientationLandscapeLeft UIInterfaceOrientationLandscapeRight";
				LD_RUNPATH_SEARCH_PATHS = (
					"$(inherited)",
					"@executable_path/Frameworks",
				);
				MARKETING_VERSION = 1.0;
				PRODUCT_BUNDLE_IDENTIFIER = "kwk.Questions-App-pt--2";
				PRODUCT_NAME = "$(TARGET_NAME)";
				SWIFT_EMIT_LOC_STRINGS = YES;
				SWIFT_VERSION = 5.0;
				TARGETED_DEVICE_FAMILY = "1,2";
			};
			name = Release;
		};
/* End XCBuildConfiguration section */

/* Begin XCConfigurationList section */
		BD2DA0D22A4626BA00A327F5 /* Build configuration list for PBXProject "Questions App pt. 2" */ = {
			isa = XCConfigurationList;
			buildConfigurations = (
				BD2DA0E32A4626BC00A327F5 /* Debug */,
				BD2DA0E42A4626BC00A327F5 /* Release */,
			);
			defaultConfigurationIsVisible = 0;
			defaultConfigurationName = Release;
		};
		BD2DA0E52A4626BC00A327F5 /* Build configuration list for PBXNativeTarget "Questions App pt. 2" */ = {
			isa = XCConfigurationList;
			buildConfigurations = (
				BD2DA0E62A4626BC00A327F5 /* Debug */,
				BD2DA0E72A4626BC00A327F5 /* Release */,
			);
			defaultConfigurationIsVisible = 0;
			defaultConfigurationName = Release;
		};
/* End XCConfigurationList section */
	};
	rootObject = BD2DA0CF2A4626BA00A327F5 /* Project object */;
}
